
Microsoft Visual Studio Solution File, Format Version 12.00
# Visual Studio 14
VisualStudioVersion = 14.0.25420.1
MinimumVisualStudioVersion = 10.0.40219.1
Project("{2150E333-8FDC-42A3-9474-1A3956D46DE8}") = "src", "src", "{4BB52DF9-D33B-490A-A973-783687287853}"
EndProject
Project("{2150E333-8FDC-42A3-9474-1A3956D46DE8}") = "Solution Items", "Solution Items", "{AEB3A7E9-F6AC-4094-8E45-BF4931EA2D65}"
	ProjectSection(SolutionItems) = preProject
		global.json = global.json
	EndProjectSection
EndProject
Project("{8BB2217D-0F2D-49D1-97BC-3654ED321F3B}") = "CheeseMVC", "src\CheeseMVC\CheeseMVC.xproj", "{69F7E0D4-AC0F-4779-83AE-27CAE9A83A33}"
EndProject
Global
	GlobalSection(SolutionConfigurationPlatforms) = preSolution
		Debug|Any CPU = Debug|Any CPU
		Release|Any CPU = Release|Any CPU
	EndGlobalSection
	GlobalSection(ProjectConfigurationPlatforms) = postSolution
		{69F7E0D4-AC0F-4779-83AE-27CAE9A83A33}.Debug|Any CPU.ActiveCfg = Debug|Any CPU
		{69F7E0D4-AC0F-4779-83AE-27CAE9A83A33}.Debug|Any CPU.Build.0 = Debug|Any CPU
		{69F7E0D4-AC0F-4779-83AE-27CAE9A83A33}.Release|Any CPU.ActiveCfg = Release|Any CPU
		{69F7E0D4-AC0F-4779-83AE-27CAE9A83A33}.Release|Any CPU.Build.0 = Release|Any CPU
	EndGlobalSection
	GlobalSection(SolutionProperties) = preSolution
		HideSolutionNode = FALSE
	EndGlobalSection
	GlobalSection(NestedProjects) = preSolution
		{69F7E0D4-AC0F-4779-83AE-27CAE9A83A33} = {4BB52DF9-D33B-490A-A973-783687287853}
	EndGlobalSection
EndGlobal
